// !$*UTF8*$!
{
	archiveVersion = 1;
	classes = {
	};
	objectVersion = 46;
	objects = {

/* Begin PBXBuildFile section */
		AC46362827C035BF6149A3E9 /* Pods.framework in Frameworks */ = {isa = PBXBuildFile; fileRef = FA8054C0AD38C8D4FC658822 /* Pods.framework */; };
		C009B5651CAFB444002C0B8D /* NoteViewController.swift in Sources */ = {isa = PBXBuildFile; fileRef = C009B5641CAFB444002C0B8D /* NoteViewController.swift */; };
		C009B5671CB00318002C0B8D /* loginImage.jpg in Resources */ = {isa = PBXBuildFile; fileRef = C009B5661CB00318002C0B8D /* loginImage.jpg */; };
		C026C3E41CA82D770094D901 /* VoiceNoteViewController.swift in Sources */ = {isa = PBXBuildFile; fileRef = C026C3E31CA82D770094D901 /* VoiceNoteViewController.swift */; };
		C03C7AEB1C9D4DD000AEADEE /* PagerViewController.swift in Sources */ = {isa = PBXBuildFile; fileRef = C03C7AEA1C9D4DD000AEADEE /* PagerViewController.swift */; };
		C03C7AF31CA18CB000AEADEE /* StoryCellView.swift in Sources */ = {isa = PBXBuildFile; fileRef = C03C7AF21CA18CB000AEADEE /* StoryCellView.swift */; };
		C03C7AF51CA1909500AEADEE /* MyStoriesViewController.swift in Sources */ = {isa = PBXBuildFile; fileRef = C03C7AF41CA1909500AEADEE /* MyStoriesViewController.swift */; };
		C03C7AF71CA2C1FF00AEADEE /* AddStoryCell.swift in Sources */ = {isa = PBXBuildFile; fileRef = C03C7AF61CA2C1FF00AEADEE /* AddStoryCell.swift */; };
		C03C7AF91CA2C33200AEADEE /* plus.png in Resources */ = {isa = PBXBuildFile; fileRef = C03C7AF81CA2C33200AEADEE /* plus.png */; };
		C03C7AFB1CA2ED2200AEADEE /* StoryViewController.swift in Sources */ = {isa = PBXBuildFile; fileRef = C03C7AFA1CA2ED2200AEADEE /* StoryViewController.swift */; };
		C07885441CE498FF005B1FB4 /* audioAnim.mp4 in Resources */ = {isa = PBXBuildFile; fileRef = C07885431CE498FF005B1FB4 /* audioAnim.mp4 */; };
		C0812BBF1C8C32B100DDBAE1 /* DataManager.swift in Sources */ = {isa = PBXBuildFile; fileRef = C0812BBE1C8C32B100DDBAE1 /* DataManager.swift */; };
		C0812BC51C8C377300DDBAE1 /* UserCreationViewController.swift in Sources */ = {isa = PBXBuildFile; fileRef = C0812BC41C8C377300DDBAE1 /* UserCreationViewController.swift */; };
		C0812BC61C8C383200DDBAE1 /* ComManager.swift in Sources */ = {isa = PBXBuildFile; fileRef = C05FE2641C8AE72000FD5EF4 /* ComManager.swift */; };
		C0812BC81C8CBEE600DDBAE1 /* DBManager.swift in Sources */ = {isa = PBXBuildFile; fileRef = C0812BC71C8CBEE600DDBAE1 /* DBManager.swift */; };
		C0812BCE1C8E05AD00DDBAE1 /* User.swift in Sources */ = {isa = PBXBuildFile; fileRef = C0812BCD1C8E05AD00DDBAE1 /* User.swift */; };
		C0812BD01C8E0AD400DDBAE1 /* Story.swift in Sources */ = {isa = PBXBuildFile; fileRef = C0812BCF1C8E0AD400DDBAE1 /* Story.swift */; };
		C0812BD21C8E0AF800DDBAE1 /* Moment.swift in Sources */ = {isa = PBXBuildFile; fileRef = C0812BD11C8E0AF800DDBAE1 /* Moment.swift */; };
		C0812BD41C8E0B5800DDBAE1 /* Comment.swift in Sources */ = {isa = PBXBuildFile; fileRef = C0812BD31C8E0B5800DDBAE1 /* Comment.swift */; };
		C0812BD81C8E115F00DDBAE1 /* CoreLocation.framework in Frameworks */ = {isa = PBXBuildFile; fileRef = C0812BD71C8E115F00DDBAE1 /* CoreLocation.framework */; };
		C0812BDA1C8E12B100DDBAE1 /* StoryStyle.swift in Sources */ = {isa = PBXBuildFile; fileRef = C0812BD91C8E12B100DDBAE1 /* StoryStyle.swift */; };
		C088CC3A1CA66B7A00172173 /* MomentLocation.swift in Sources */ = {isa = PBXBuildFile; fileRef = C088CC391CA66B7A00172173 /* MomentLocation.swift */; };
		C0ABF42D1C80CEF700E71542 /* LoginViewController.swift in Sources */ = {isa = PBXBuildFile; fileRef = C0ABF42C1C80CEF700E71542 /* LoginViewController.swift */; };
		C0C01FCB1CB1512600915409 /* ImageDisplayViewController.swift in Sources */ = {isa = PBXBuildFile; fileRef = C0C01FCA1CB1512600915409 /* ImageDisplayViewController.swift */; };
		C0F5F5A41CCA67230017AF39 /* LifesMoments.entitlements in Resources */ = {isa = PBXBuildFile; fileRef = C0392DDC1CCA5E5800D5E6AE /* LifesMoments.entitlements */; };
		C0F7F48C1C7F459D00551F61 /* AppDelegate.swift in Sources */ = {isa = PBXBuildFile; fileRef = C0F7F48B1C7F459D00551F61 /* AppDelegate.swift */; };
		C0F7F4911C7F459D00551F61 /* Main.storyboard in Resources */ = {isa = PBXBuildFile; fileRef = C0F7F48F1C7F459D00551F61 /* Main.storyboard */; };
		C0F7F4931C7F459D00551F61 /* Assets.xcassets in Resources */ = {isa = PBXBuildFile; fileRef = C0F7F4921C7F459D00551F61 /* Assets.xcassets */; };
		C0F7F4961C7F459D00551F61 /* LaunchScreen.storyboard in Resources */ = {isa = PBXBuildFile; fileRef = C0F7F4941C7F459D00551F61 /* LaunchScreen.storyboard */; };
		C0FE75631CBA7FDB002F8518 /* AudioPlayerViewController.swift in Sources */ = {isa = PBXBuildFile; fileRef = C0FE75621CBA7FDB002F8518 /* AudioPlayerViewController.swift */; };
		C0FE75671CC22F3E002F8518 /* StoryPlayerViewController.swift in Sources */ = {isa = PBXBuildFile; fileRef = C0FE75661CC22F3E002F8518 /* StoryPlayerViewController.swift */; };
		C0FE75691CC2314F002F8518 /* VideoPlayerViewController.swift in Sources */ = {isa = PBXBuildFile; fileRef = C0FE75681CC2314F002F8518 /* VideoPlayerViewController.swift */; };
/* End PBXBuildFile section */

/* Begin PBXFileReference section */
		1237479C687A966CD96DB9D1 /* Pods.release.xcconfig */ = {isa = PBXFileReference; includeInIndex = 1; lastKnownFileType = text.xcconfig; name = Pods.release.xcconfig; path = "Pods/Target Support Files/Pods/Pods.release.xcconfig"; sourceTree = "<group>"; };
		19B9CC98A380656021F5D118 /* Pods.debug.xcconfig */ = {isa = PBXFileReference; includeInIndex = 1; lastKnownFileType = text.xcconfig; name = Pods.debug.xcconfig; path = "Pods/Target Support Files/Pods/Pods.debug.xcconfig"; sourceTree = "<group>"; };
		C009B5641CAFB444002C0B8D /* NoteViewController.swift */ = {isa = PBXFileReference; fileEncoding = 4; lastKnownFileType = sourcecode.swift; path = NoteViewController.swift; sourceTree = "<group>"; };
		C009B5661CB00318002C0B8D /* loginImage.jpg */ = {isa = PBXFileReference; lastKnownFileType = image.jpeg; path = loginImage.jpg; sourceTree = "<group>"; };
		C026C3E31CA82D770094D901 /* VoiceNoteViewController.swift */ = {isa = PBXFileReference; fileEncoding = 4; lastKnownFileType = sourcecode.swift; path = VoiceNoteViewController.swift; sourceTree = "<group>"; };
		C0392DDC1CCA5E5800D5E6AE /* LifesMoments.entitlements */ = {isa = PBXFileReference; lastKnownFileType = text.xml; path = LifesMoments.entitlements; sourceTree = "<group>"; };
		C03C7AEA1C9D4DD000AEADEE /* PagerViewController.swift */ = {isa = PBXFileReference; fileEncoding = 4; lastKnownFileType = sourcecode.swift; path = PagerViewController.swift; sourceTree = "<group>"; };
		C03C7AF21CA18CB000AEADEE /* StoryCellView.swift */ = {isa = PBXFileReference; fileEncoding = 4; lastKnownFileType = sourcecode.swift; path = StoryCellView.swift; sourceTree = "<group>"; };
		C03C7AF41CA1909500AEADEE /* MyStoriesViewController.swift */ = {isa = PBXFileReference; fileEncoding = 4; lastKnownFileType = sourcecode.swift; path = MyStoriesViewController.swift; sourceTree = "<group>"; };
		C03C7AF61CA2C1FF00AEADEE /* AddStoryCell.swift */ = {isa = PBXFileReference; fileEncoding = 4; lastKnownFileType = sourcecode.swift; path = AddStoryCell.swift; sourceTree = "<group>"; };
		C03C7AF81CA2C33200AEADEE /* plus.png */ = {isa = PBXFileReference; lastKnownFileType = image.png; path = plus.png; sourceTree = "<group>"; };
		C03C7AFA1CA2ED2200AEADEE /* StoryViewController.swift */ = {isa = PBXFileReference; fileEncoding = 4; lastKnownFileType = sourcecode.swift; path = StoryViewController.swift; sourceTree = "<group>"; };
		C05FE2641C8AE72000FD5EF4 /* ComManager.swift */ = {isa = PBXFileReference; fileEncoding = 4; lastKnownFileType = sourcecode.swift; path = ComManager.swift; sourceTree = "<group>"; };
		C07885431CE498FF005B1FB4 /* audioAnim.mp4 */ = {isa = PBXFileReference; lastKnownFileType = file; path = audioAnim.mp4; sourceTree = "<group>"; };
		C0812BBE1C8C32B100DDBAE1 /* DataManager.swift */ = {isa = PBXFileReference; fileEncoding = 4; lastKnownFileType = sourcecode.swift; path = DataManager.swift; sourceTree = "<group>"; };
		C0812BC41C8C377300DDBAE1 /* UserCreationViewController.swift */ = {isa = PBXFileReference; fileEncoding = 4; lastKnownFileType = sourcecode.swift; path = UserCreationViewController.swift; sourceTree = "<group>"; };
		C0812BC71C8CBEE600DDBAE1 /* DBManager.swift */ = {isa = PBXFileReference; fileEncoding = 4; lastKnownFileType = sourcecode.swift; path = DBManager.swift; sourceTree = "<group>"; };
		C0812BCD1C8E05AD00DDBAE1 /* User.swift */ = {isa = PBXFileReference; fileEncoding = 4; lastKnownFileType = sourcecode.swift; path = User.swift; sourceTree = "<group>"; };
		C0812BCF1C8E0AD400DDBAE1 /* Story.swift */ = {isa = PBXFileReference; fileEncoding = 4; lastKnownFileType = sourcecode.swift; path = Story.swift; sourceTree = "<group>"; };
		C0812BD11C8E0AF800DDBAE1 /* Moment.swift */ = {isa = PBXFileReference; fileEncoding = 4; lastKnownFileType = sourcecode.swift; path = Moment.swift; sourceTree = "<group>"; };
		C0812BD31C8E0B5800DDBAE1 /* Comment.swift */ = {isa = PBXFileReference; fileEncoding = 4; lastKnownFileType = sourcecode.swift; path = Comment.swift; sourceTree = "<group>"; };
		C0812BD71C8E115F00DDBAE1 /* CoreLocation.framework */ = {isa = PBXFileReference; lastKnownFileType = wrapper.framework; name = CoreLocation.framework; path = System/Library/Frameworks/CoreLocation.framework; sourceTree = SDKROOT; };
		C0812BD91C8E12B100DDBAE1 /* StoryStyle.swift */ = {isa = PBXFileReference; fileEncoding = 4; lastKnownFileType = sourcecode.swift; path = StoryStyle.swift; sourceTree = "<group>"; };
		C088CC391CA66B7A00172173 /* MomentLocation.swift */ = {isa = PBXFileReference; fileEncoding = 4; lastKnownFileType = sourcecode.swift; path = MomentLocation.swift; sourceTree = "<group>"; };
		C0ABF42C1C80CEF700E71542 /* LoginViewController.swift */ = {isa = PBXFileReference; fileEncoding = 4; lastKnownFileType = sourcecode.swift; path = LoginViewController.swift; sourceTree = "<group>"; };
		C0C01FCA1CB1512600915409 /* ImageDisplayViewController.swift */ = {isa = PBXFileReference; fileEncoding = 4; lastKnownFileType = sourcecode.swift; path = ImageDisplayViewController.swift; sourceTree = "<group>"; };
		C0F7F4881C7F459D00551F61 /* LifesMoments.app */ = {isa = PBXFileReference; explicitFileType = wrapper.application; includeInIndex = 0; path = LifesMoments.app; sourceTree = BUILT_PRODUCTS_DIR; };
		C0F7F48B1C7F459D00551F61 /* AppDelegate.swift */ = {isa = PBXFileReference; lastKnownFileType = sourcecode.swift; path = AppDelegate.swift; sourceTree = "<group>"; };
		C0F7F4901C7F459D00551F61 /* Base */ = {isa = PBXFileReference; lastKnownFileType = file.storyboard; name = Base; path = Base.lproj/Main.storyboard; sourceTree = "<group>"; };
		C0F7F4921C7F459D00551F61 /* Assets.xcassets */ = {isa = PBXFileReference; lastKnownFileType = folder.assetcatalog; path = Assets.xcassets; sourceTree = "<group>"; };
		C0F7F4951C7F459D00551F61 /* Base */ = {isa = PBXFileReference; lastKnownFileType = file.storyboard; name = Base; path = Base.lproj/LaunchScreen.storyboard; sourceTree = "<group>"; };
		C0F7F4971C7F459D00551F61 /* Info.plist */ = {isa = PBXFileReference; lastKnownFileType = text.plist.xml; path = Info.plist; sourceTree = "<group>"; };
		C0FE75621CBA7FDB002F8518 /* AudioPlayerViewController.swift */ = {isa = PBXFileReference; fileEncoding = 4; lastKnownFileType = sourcecode.swift; path = AudioPlayerViewController.swift; sourceTree = "<group>"; };
		C0FE75661CC22F3E002F8518 /* StoryPlayerViewController.swift */ = {isa = PBXFileReference; fileEncoding = 4; lastKnownFileType = sourcecode.swift; path = StoryPlayerViewController.swift; sourceTree = "<group>"; };
		C0FE75681CC2314F002F8518 /* VideoPlayerViewController.swift */ = {isa = PBXFileReference; fileEncoding = 4; lastKnownFileType = sourcecode.swift; path = VideoPlayerViewController.swift; sourceTree = "<group>"; };
		FA8054C0AD38C8D4FC658822 /* Pods.framework */ = {isa = PBXFileReference; explicitFileType = wrapper.framework; includeInIndex = 0; path = Pods.framework; sourceTree = BUILT_PRODUCTS_DIR; };
/* End PBXFileReference section */

/* Begin PBXFrameworksBuildPhase section */
		C0F7F4851C7F459D00551F61 /* Frameworks */ = {
			isa = PBXFrameworksBuildPhase;
			buildActionMask = 2147483647;
			files = (
				C0812BD81C8E115F00DDBAE1 /* CoreLocation.framework in Frameworks */,
				AC46362827C035BF6149A3E9 /* Pods.framework in Frameworks */,
			);
			runOnlyForDeploymentPostprocessing = 0;
		};
/* End PBXFrameworksBuildPhase section */

/* Begin PBXGroup section */
		5CF050C7E0290827B259C5ED /* Pods */ = {
			isa = PBXGroup;
			children = (
				19B9CC98A380656021F5D118 /* Pods.debug.xcconfig */,
				1237479C687A966CD96DB9D1 /* Pods.release.xcconfig */,
			);
			name = Pods;
			sourceTree = "<group>";
		};
		C05FE2631C8AE6F700FD5EF4 /* Managers */ = {
			isa = PBXGroup;
			children = (
				C05FE2641C8AE72000FD5EF4 /* ComManager.swift */,
				C0812BC71C8CBEE600DDBAE1 /* DBManager.swift */,
				C0812BBE1C8C32B100DDBAE1 /* DataManager.swift */,
			);
			name = Managers;
			sourceTree = "<group>";
		};
		C0812BDF1C95AD1400DDBAE1 /* Controllers */ = {
			isa = PBXGroup;
			children = (
				C088CC381CA66B3500172173 /* Annotation */,
				C0ABF42C1C80CEF700E71542 /* LoginViewController.swift */,
				C0812BC41C8C377300DDBAE1 /* UserCreationViewController.swift */,
				C03C7AF41CA1909500AEADEE /* MyStoriesViewController.swift */,
				C03C7AF21CA18CB000AEADEE /* StoryCellView.swift */,
				C03C7AF61CA2C1FF00AEADEE /* AddStoryCell.swift */,
				C03C7AEA1C9D4DD000AEADEE /* PagerViewController.swift */,
				C03C7AFA1CA2ED2200AEADEE /* StoryViewController.swift */,
				C026C3E31CA82D770094D901 /* VoiceNoteViewController.swift */,
				C009B5641CAFB444002C0B8D /* NoteViewController.swift */,
				C0C01FCC1CB9004A00915409 /* Players */,
				C0FE75661CC22F3E002F8518 /* StoryPlayerViewController.swift */,
			);
			name = Controllers;
			sourceTree = "<group>";
		};
		C088CC381CA66B3500172173 /* Annotation */ = {
			isa = PBXGroup;
			children = (
				C088CC391CA66B7A00172173 /* MomentLocation.swift */,
			);
			name = Annotation;
			sourceTree = "<group>";
		};
		C0C01FCC1CB9004A00915409 /* Players */ = {
			isa = PBXGroup;
			children = (
				C0C01FCA1CB1512600915409 /* ImageDisplayViewController.swift */,
				C0FE75621CBA7FDB002F8518 /* AudioPlayerViewController.swift */,
				C0FE75681CC2314F002F8518 /* VideoPlayerViewController.swift */,
			);
			name = Players;
			sourceTree = "<group>";
		};
		C0D0A6A61C8C26ED00BE3962 /* Model */ = {
			isa = PBXGroup;
			children = (
				C0812BCD1C8E05AD00DDBAE1 /* User.swift */,
				C0812BCF1C8E0AD400DDBAE1 /* Story.swift */,
				C0812BD11C8E0AF800DDBAE1 /* Moment.swift */,
				C0812BD31C8E0B5800DDBAE1 /* Comment.swift */,
				C0812BD91C8E12B100DDBAE1 /* StoryStyle.swift */,
			);
			name = Model;
			sourceTree = "<group>";
		};
		C0F7F47F1C7F459D00551F61 = {
			isa = PBXGroup;
			children = (
				C0F7F48A1C7F459D00551F61 /* LifesMoments */,
				C0F7F4891C7F459D00551F61 /* Products */,
				5CF050C7E0290827B259C5ED /* Pods */,
				C92732467EAB3C0F9E56B023 /* Frameworks */,
			);
			sourceTree = "<group>";
		};
		C0F7F4891C7F459D00551F61 /* Products */ = {
			isa = PBXGroup;
			children = (
				C0F7F4881C7F459D00551F61 /* LifesMoments.app */,
			);
			name = Products;
			sourceTree = "<group>";
		};
		C0F7F48A1C7F459D00551F61 /* LifesMoments */ = {
			isa = PBXGroup;
			children = (
				C0392DDC1CCA5E5800D5E6AE /* LifesMoments.entitlements */,
				C0D0A6A61C8C26ED00BE3962 /* Model */,
				C05FE2631C8AE6F700FD5EF4 /* Managers */,
				C0812BDF1C95AD1400DDBAE1 /* Controllers */,
				C0F7F48B1C7F459D00551F61 /* AppDelegate.swift */,
				C0F7F48F1C7F459D00551F61 /* Main.storyboard */,
				C03C7AF81CA2C33200AEADEE /* plus.png */,
				C0F7F4921C7F459D00551F61 /* Assets.xcassets */,
				C0F7F4941C7F459D00551F61 /* LaunchScreen.storyboard */,
				C0F7F4971C7F459D00551F61 /* Info.plist */,
				C07885431CE498FF005B1FB4 /* audioAnim.mp4 */,
				C009B5661CB00318002C0B8D /* loginImage.jpg */,
			);
			path = LifesMoments;
			sourceTree = "<group>";
		};
		C92732467EAB3C0F9E56B023 /* Frameworks */ = {
			isa = PBXGroup;
			children = (
				C0812BD71C8E115F00DDBAE1 /* CoreLocation.framework */,
				FA8054C0AD38C8D4FC658822 /* Pods.framework */,
			);
			name = Frameworks;
			sourceTree = "<group>";
		};
/* End PBXGroup section */

/* Begin PBXNativeTarget section */
		C0F7F4871C7F459D00551F61 /* LifesMoments */ = {
			isa = PBXNativeTarget;
			buildConfigurationList = C0F7F49A1C7F459D00551F61 /* Build configuration list for PBXNativeTarget "LifesMoments" */;
			buildPhases = (
				8BBC56FE849B282A934B1AAF /* Check Pods Manifest.lock */,
				C0F7F4841C7F459D00551F61 /* Sources */,
				C0F7F4851C7F459D00551F61 /* Frameworks */,
				C0F7F4861C7F459D00551F61 /* Resources */,
				8843B66DA93C5B5AD2AD8D64 /* Embed Pods Frameworks */,
				3DDCFEB15D875E794811F1B9 /* Copy Pods Resources */,
			);
			buildRules = (
			);
			dependencies = (
			);
			name = LifesMoments;
			productName = LifesMoments;
			productReference = C0F7F4881C7F459D00551F61 /* LifesMoments.app */;
			productType = "com.apple.product-type.application";
		};
/* End PBXNativeTarget section */

/* Begin PBXProject section */
		C0F7F4801C7F459D00551F61 /* Project object */ = {
			isa = PBXProject;
			attributes = {
				LastSwiftUpdateCheck = 0720;
				LastUpgradeCheck = 0720;
				ORGANIZATIONNAME = Gabriel;
				TargetAttributes = {
					C0F7F4871C7F459D00551F61 = {
						CreatedOnToolsVersion = 7.2.1;
						DevelopmentTeam = FAE4S3FL7U;
						SystemCapabilities = {
							com.apple.SafariKeychain = {
								enabled = 1;
							};
						};
					};
				};
			};
			buildConfigurationList = C0F7F4831C7F459D00551F61 /* Build configuration list for PBXProject "LifesMoments" */;
			compatibilityVersion = "Xcode 3.2";
			developmentRegion = English;
			hasScannedForEncodings = 0;
			knownRegions = (
				en,
				Base,
			);
			mainGroup = C0F7F47F1C7F459D00551F61;
			productRefGroup = C0F7F4891C7F459D00551F61 /* Products */;
			projectDirPath = "";
			projectRoot = "";
			targets = (
				C0F7F4871C7F459D00551F61 /* LifesMoments */,
			);
		};
/* End PBXProject section */

/* Begin PBXResourcesBuildPhase section */
		C0F7F4861C7F459D00551F61 /* Resources */ = {
			isa = PBXResourcesBuildPhase;
			buildActionMask = 2147483647;
			files = (
				C0F7F4961C7F459D00551F61 /* LaunchScreen.storyboard in Resources */,
				C07885441CE498FF005B1FB4 /* audioAnim.mp4 in Resources */,
				C009B5671CB00318002C0B8D /* loginImage.jpg in Resources */,
				C0F7F4931C7F459D00551F61 /* Assets.xcassets in Resources */,
				C0F5F5A41CCA67230017AF39 /* LifesMoments.entitlements in Resources */,
				C0F7F4911C7F459D00551F61 /* Main.storyboard in Resources */,
				C03C7AF91CA2C33200AEADEE /* plus.png in Resources */,
			);
			runOnlyForDeploymentPostprocessing = 0;
		};
/* End PBXResourcesBuildPhase section */

/* Begin PBXShellScriptBuildPhase section */
		3DDCFEB15D875E794811F1B9 /* Copy Pods Resources */ = {
			isa = PBXShellScriptBuildPhase;
			buildActionMask = 2147483647;
			files = (
			);
			inputPaths = (
			);
			name = "Copy Pods Resources";
			outputPaths = (
			);
			runOnlyForDeploymentPostprocessing = 0;
			shellPath = /bin/sh;
			shellScript = "\"${SRCROOT}/Pods/Target Support Files/Pods/Pods-resources.sh\"\n";
			showEnvVarsInLog = 0;
		};
		8843B66DA93C5B5AD2AD8D64 /* Embed Pods Frameworks */ = {
			isa = PBXShellScriptBuildPhase;
			buildActionMask = 2147483647;
			files = (
			);
			inputPaths = (
			);
			name = "Embed Pods Frameworks";
			outputPaths = (
			);
			runOnlyForDeploymentPostprocessing = 0;
			shellPath = /bin/sh;
			shellScript = "\"${SRCROOT}/Pods/Target Support Files/Pods/Pods-frameworks.sh\"\n";
			showEnvVarsInLog = 0;
		};
		8BBC56FE849B282A934B1AAF /* Check Pods Manifest.lock */ = {
			isa = PBXShellScriptBuildPhase;
			buildActionMask = 2147483647;
			files = (
			);
			inputPaths = (
			);
			name = "Check Pods Manifest.lock";
			outputPaths = (
			);
			runOnlyForDeploymentPostprocessing = 0;
			shellPath = /bin/sh;
			shellScript = "diff \"${PODS_ROOT}/../Podfile.lock\" \"${PODS_ROOT}/Manifest.lock\" > /dev/null\nif [[ $? != 0 ]] ; then\n    cat << EOM\nerror: The sandbox is not in sync with the Podfile.lock. Run 'pod install' or update your CocoaPods installation.\nEOM\n    exit 1\nfi\n";
			showEnvVarsInLog = 0;
		};
/* End PBXShellScriptBuildPhase section */

/* Begin PBXSourcesBuildPhase section */
		C0F7F4841C7F459D00551F61 /* Sources */ = {
			isa = PBXSourcesBuildPhase;
			buildActionMask = 2147483647;
			files = (
				C03C7AEB1C9D4DD000AEADEE /* PagerViewController.swift in Sources */,
				C0812BC51C8C377300DDBAE1 /* UserCreationViewController.swift in Sources */,
				C0C01FCB1CB1512600915409 /* ImageDisplayViewController.swift in Sources */,
				C0FE75671CC22F3E002F8518 /* StoryPlayerViewController.swift in Sources */,
				C0812BC61C8C383200DDBAE1 /* ComManager.swift in Sources */,
				C0812BBF1C8C32B100DDBAE1 /* DataManager.swift in Sources */,
				C03C7AFB1CA2ED2200AEADEE /* StoryViewController.swift in Sources */,
				C088CC3A1CA66B7A00172173 /* MomentLocation.swift in Sources */,
				C0ABF42D1C80CEF700E71542 /* LoginViewController.swift in Sources */,
				C0812BCE1C8E05AD00DDBAE1 /* User.swift in Sources */,
				C0812BD41C8E0B5800DDBAE1 /* Comment.swift in Sources */,
				C0F7F48C1C7F459D00551F61 /* AppDelegate.swift in Sources */,
				C0FE75691CC2314F002F8518 /* VideoPlayerViewController.swift in Sources */,
				C0812BC81C8CBEE600DDBAE1 /* DBManager.swift in Sources */,
				C0812BDA1C8E12B100DDBAE1 /* StoryStyle.swift in Sources */,
				C03C7AF71CA2C1FF00AEADEE /* AddStoryCell.swift in Sources */,
				C0FE75631CBA7FDB002F8518 /* AudioPlayerViewController.swift in Sources */,
				C0812BD01C8E0AD400DDBAE1 /* Story.swift in Sources */,
				C03C7AF31CA18CB000AEADEE /* StoryCellView.swift in Sources */,
				C03C7AF51CA1909500AEADEE /* MyStoriesViewController.swift in Sources */,
				C009B5651CAFB444002C0B8D /* NoteViewController.swift in Sources */,
				C0812BD21C8E0AF800DDBAE1 /* Moment.swift in Sources */,
				C026C3E41CA82D770094D901 /* VoiceNoteViewController.swift in Sources */,
			);
			runOnlyForDeploymentPostprocessing = 0;
		};
/* End PBXSourcesBuildPhase section */

/* Begin PBXVariantGroup section */
		C0F7F48F1C7F459D00551F61 /* Main.storyboard */ = {
			isa = PBXVariantGroup;
			children = (
				C0F7F4901C7F459D00551F61 /* Base */,
			);
			name = Main.storyboard;
			sourceTree = "<group>";
		};
		C0F7F4941C7F459D00551F61 /* LaunchScreen.storyboard */ = {
			isa = PBXVariantGroup;
			children = (
				C0F7F4951C7F459D00551F61 /* Base */,
			);
			name = LaunchScreen.storyboard;
			sourceTree = "<group>";
		};
/* End PBXVariantGroup section */

/* Begin XCBuildConfiguration section */
		C0F7F4981C7F459D00551F61 /* Debug */ = {
			isa = XCBuildConfiguration;
			buildSettings = {
				ALWAYS_SEARCH_USER_PATHS = NO;
				CLANG_CXX_LANGUAGE_STANDARD = "gnu++0x";
				CLANG_CXX_LIBRARY = "libc++";
				CLANG_ENABLE_MODULES = YES;
				CLANG_ENABLE_OBJC_ARC = YES;
				CLANG_WARN_BOOL_CONVERSION = YES;
				CLANG_WARN_CONSTANT_CONVERSION = YES;
				CLANG_WARN_DIRECT_OBJC_ISA_USAGE = YES_ERROR;
				CLANG_WARN_EMPTY_BODY = YES;
				CLANG_WARN_ENUM_CONVERSION = YES;
				CLANG_WARN_INT_CONVERSION = YES;
				CLANG_WARN_OBJC_ROOT_CLASS = YES_ERROR;
				CLANG_WARN_UNREACHABLE_CODE = YES;
				CLANG_WARN__DUPLICATE_METHOD_MATCH = YES;
				"CODE_SIGN_IDENTITY[sdk=iphoneos*]" = "iPhone Developer";
				COPY_PHASE_STRIP = NO;
				DEBUG_INFORMATION_FORMAT = dwarf;
				ENABLE_STRICT_OBJC_MSGSEND = YES;
				ENABLE_TESTABILITY = YES;
				GCC_C_LANGUAGE_STANDARD = gnu99;
				GCC_DYNAMIC_NO_PIC = NO;
				GCC_NO_COMMON_BLOCKS = YES;
				GCC_OPTIMIZATION_LEVEL = 0;
				GCC_PREPROCESSOR_DEFINITIONS = (
					"DEBUG=1",
					"$(inherited)",
				);
				GCC_WARN_64_TO_32_BIT_CONVERSION = YES;
				GCC_WARN_ABOUT_RETURN_TYPE = YES_ERROR;
				GCC_WARN_UNDECLARED_SELECTOR = YES;
				GCC_WARN_UNINITIALIZED_AUTOS = YES_AGGRESSIVE;
				GCC_WARN_UNUSED_FUNCTION = YES;
				GCC_WARN_UNUSED_VARIABLE = YES;
				IPHONEOS_DEPLOYMENT_TARGET = 9.2;
				MTL_ENABLE_DEBUG_INFO = YES;
				ONLY_ACTIVE_ARCH = YES;
				SDKROOT = iphoneos;
				SWIFT_OPTIMIZATION_LEVEL = "-Onone";
			};
			name = Debug;
		};
		C0F7F4991C7F459D00551F61 /* Release */ = {
			isa = XCBuildConfiguration;
			buildSettings = {
				ALWAYS_SEARCH_USER_PATHS = NO;
				CLANG_CXX_LANGUAGE_STANDARD = "gnu++0x";
				CLANG_CXX_LIBRARY = "libc++";
				CLANG_ENABLE_MODULES = YES;
				CLANG_ENABLE_OBJC_ARC = YES;
				CLANG_WARN_BOOL_CONVERSION = YES;
				CLANG_WARN_CONSTANT_CONVERSION = YES;
				CLANG_WARN_DIRECT_OBJC_ISA_USAGE = YES_ERROR;
				CLANG_WARN_EMPTY_BODY = YES;
				CLANG_WARN_ENUM_CONVERSION = YES;
				CLANG_WARN_INT_CONVERSION = YES;
				CLANG_WARN_OBJC_ROOT_CLASS = YES_ERROR;
				CLANG_WARN_UNREACHABLE_CODE = YES;
				CLANG_WARN__DUPLICATE_METHOD_MATCH = YES;
				"CODE_SIGN_IDENTITY[sdk=iphoneos*]" = "iPhone Developer";
				COPY_PHASE_STRIP = NO;
				DEBUG_INFORMATION_FORMAT = "dwarf-with-dsym";
				ENABLE_NS_ASSERTIONS = NO;
				ENABLE_STRICT_OBJC_MSGSEND = YES;
				GCC_C_LANGUAGE_STANDARD = gnu99;
				GCC_NO_COMMON_BLOCKS = YES;
				GCC_WARN_64_TO_32_BIT_CONVERSION = YES;
				GCC_WARN_ABOUT_RETURN_TYPE = YES_ERROR;
				GCC_WARN_UNDECLARED_SELECTOR = YES;
				GCC_WARN_UNINITIALIZED_AUTOS = YES_AGGRESSIVE;
				GCC_WARN_UNUSED_FUNCTION = YES;
				GCC_WARN_UNUSED_VARIABLE = YES;
				IPHONEOS_DEPLOYMENT_TARGET = 9.2;
				MTL_ENABLE_DEBUG_INFO = NO;
				SDKROOT = iphoneos;
				VALIDATE_PRODUCT = YES;
			};
			name = Release;
		};
		C0F7F49B1C7F459D00551F61 /* Debug */ = {
			isa = XCBuildConfiguration;
			baseConfigurationReference = 19B9CC98A380656021F5D118 /* Pods.debug.xcconfig */;
			buildSettings = {
				ASSETCATALOG_COMPILER_APPICON_NAME = AppIcon;
				CODE_SIGN_ENTITLEMENTS = LifesMoments/LifesMoments.entitlements;
				CODE_SIGN_IDENTITY = "iPhone Developer: Gabriel Rosinski (6ART79YS4V)";
				"CODE_SIGN_IDENTITY[sdk=iphoneos*]" = "iPhone Developer: Gabriel Rosinski (6ART79YS4V)";
				INFOPLIST_FILE = LifesMoments/Info.plist;
				IPHONEOS_DEPLOYMENT_TARGET = 9.2;
				LD_RUNPATH_SEARCH_PATHS = "$(inherited) @executable_path/Frameworks";
				PRODUCT_BUNDLE_IDENTIFIER = com.lm.lifesmoments;
				PRODUCT_NAME = "$(TARGET_NAME)";
				PROVISIONING_PROFILE = "b8d0b9c7-54f9-4ed3-995e-be8eef9c8161";
			};
			name = Debug;
		};
		C0F7F49C1C7F459D00551F61 /* Release */ = {
			isa = XCBuildConfiguration;
			baseConfigurationReference = 1237479C687A966CD96DB9D1 /* Pods.release.xcconfig */;
			buildSettings = {
				ASSETCATALOG_COMPILER_APPICON_NAME = AppIcon;
				CODE_SIGN_ENTITLEMENTS = LifesMoments/LifesMoments.entitlements;
				CODE_SIGN_IDENTITY = "iPhone Distribution: Gabriel Rosinski (FAE4S3FL7U)";
				"CODE_SIGN_IDENTITY[sdk=iphoneos*]" = "iPhone Distribution: Gabriel Rosinski (FAE4S3FL7U)";
				INFOPLIST_FILE = LifesMoments/Info.plist;
				IPHONEOS_DEPLOYMENT_TARGET = 9.2;
				LD_RUNPATH_SEARCH_PATHS = "$(inherited) @executable_path/Frameworks";
				PRODUCT_BUNDLE_IDENTIFIER = com.lm.lifesmoments;
				PRODUCT_NAME = "$(TARGET_NAME)";
				PROVISIONING_PROFILE = "811338b1-3a4a-464d-bfa3-d2ef6fee5f43";
			};
			name = Release;
		};
/* End XCBuildConfiguration section */

/* Begin XCConfigurationList section */
		C0F7F4831C7F459D00551F61 /* Build configuration list for PBXProject "LifesMoments" */ = {
			isa = XCConfigurationList;
			buildConfigurations = (
				C0F7F4981C7F459D00551F61 /* Debug */,
				C0F7F4991C7F459D00551F61 /* Release */,
			);
			defaultConfigurationIsVisible = 0;
			defaultConfigurationName = Release;
		};
		C0F7F49A1C7F459D00551F61 /* Build configuration list for PBXNativeTarget "LifesMoments" */ = {
			isa = XCConfigurationList;
			buildConfigurations = (
				C0F7F49B1C7F459D00551F61 /* Debug */,
				C0F7F49C1C7F459D00551F61 /* Release */,
			);
			defaultConfigurationIsVisible = 0;
			defaultConfigurationName = Release;
		};
/* End XCConfigurationList section */
	};
	rootObject = C0F7F4801C7F459D00551F61 /* Project object */;
}
