PODS:
  - Alamofire (3.2.1)
  - ASAudioPlayer (0.1.0)
  - LiquidFloatingActionButton (0.1.1)
  - PagingMenuController (0.8.0)
  - Realm (0.98.4):
    - Realm/Headers (= 0.98.4)
  - Realm/Headers (0.98.4)
  - RealmSwift (0.98.4):
    - Realm (= 0.98.4)

DEPENDENCIES:
  - Alamofire (~> 3.0)
  - ASAudioPlayer
  - LiquidFloatingActionButton (from `https://github.com/yoavlt/LiquidFloatingActionButton.git`,
    branch `swift-2.0`)
  - PagingMenuController
  - RealmSwift

EXTERNAL SOURCES:
  LiquidFloatingActionButton:
    :branch: swift-2.0
    :git: https://github.com/yoavlt/LiquidFloatingActionButton.git

CHECKOUT OPTIONS:
  LiquidFloatingActionButton:
    :commit: ae0ba8265dbf8ea80ff7dd20b3e72e8a728ce930
    :git: https://github.com/yoavlt/LiquidFloatingActionButton.git

SPEC CHECKSUMS:
  Alamofire: f11d8624a05f5d39e0c99309b3e600a3ba64298a
  ASAudioPlayer: ad4cfc87195239f8748f41b75ca19306c20b5bad
  LiquidFloatingActionButton: dcdae1e59eb07eccbf60c027001a4d6731c345c9
  PagingMenuController: 1a9ff8ad0ab9704f215706997c1a624bc951f508
  Realm: 7745674cb1b7cb2a84a655bfd420b86efdaad36e
  RealmSwift: 18742f4f13f98117aeec53b92058918ac93bf38f

COCOAPODS: 0.39.0
